
Microsoft Visual Studio Solution File, Format Version 11.00
# Visual Studio 2010
Project("{8BC9CEB8-8B4A-11D0-8D11-00A0C91BC942}") = "ScreenCapture", "ScreenCapture\ScreenCapture.vcxproj", "{7E169215-C369-4DB4-A3BB-E0EEABBF8AFD}"
EndProject
Project("{8BC9CEB8-8B4A-11D0-8D11-00A0C91BC942}") = "test", "test\test.vcxproj", "{1969933C-3D35-4A72-8905-A9B28FBD2090}"
EndProject
Global
	GlobalSection(SolutionConfigurationPlatforms) = preSolution
		Debug|Win32 = Debug|Win32
		Release|Win32 = Release|Win32
	EndGlobalSection
	GlobalSection(ProjectConfigurationPlatforms) = postSolution
		{7E169215-C369-4DB4-A3BB-E0EEABBF8AFD}.Debug|Win32.ActiveCfg = Debug|Win32
		{7E169215-C369-4DB4-A3BB-E0EEABBF8AFD}.Debug|Win32.Build.0 = Debug|Win32
		{7E169215-C369-4DB4-A3BB-E0EEABBF8AFD}.Release|Win32.ActiveCfg = Release|Win32
		{7E169215-C369-4DB4-A3BB-E0EEABBF8AFD}.Release|Win32.Build.0 = Release|Win32
		{1969933C-3D35-4A72-8905-A9B28FBD2090}.Debug|Win32.ActiveCfg = Debug|Win32
		{1969933C-3D35-4A72-8905-A9B28FBD2090}.Debug|Win32.Build.0 = Debug|Win32
		{1969933C-3D35-4A72-8905-A9B28FBD2090}.Release|Win32.ActiveCfg = Release|Win32
		{1969933C-3D35-4A72-8905-A9B28FBD2090}.Release|Win32.Build.0 = Release|Win32
	EndGlobalSection
	GlobalSection(SolutionProperties) = preSolution
		HideSolutionNode = FALSE
	EndGlobalSection
EndGlobal
