
Microsoft Visual Studio Solution File, Format Version 11.00
# Visual Studio 2010
Project("{8BC9CEB8-8B4A-11D0-8D11-00A0C91BC942}") = "HeapObjectTest", "HeapObjectTest\HeapObjectTest.vcxproj", "{92B5D9F1-0369-425A-8D7C-CCD9B0C4C661}"
EndProject
Global
	GlobalSection(SolutionConfigurationPlatforms) = preSolution
		Debug|Win32 = Debug|Win32
		Release|Win32 = Release|Win32
	EndGlobalSection
	GlobalSection(ProjectConfigurationPlatforms) = postSolution
		{92B5D9F1-0369-425A-8D7C-CCD9B0C4C661}.Debug|Win32.ActiveCfg = Debug|Win32
		{92B5D9F1-0369-425A-8D7C-CCD9B0C4C661}.Debug|Win32.Build.0 = Debug|Win32
		{92B5D9F1-0369-425A-8D7C-CCD9B0C4C661}.Release|Win32.ActiveCfg = Release|Win32
		{92B5D9F1-0369-425A-8D7C-CCD9B0C4C661}.Release|Win32.Build.0 = Release|Win32
	EndGlobalSection
	GlobalSection(SolutionProperties) = preSolution
		HideSolutionNode = FALSE
	EndGlobalSection
EndGlobal
